// !$*UTF8*$!
{
	archiveVersion = 1;
	classes = {
	};
	objectVersion = 46;
	objects = {

/* Begin PBXBuildFile section */
		4450AC121EB5559B00CD4ABA /* CompleteTaskViewController.swift in Sources */ = {isa = PBXBuildFile; fileRef = 4450AC111EB5559B00CD4ABA /* CompleteTaskViewController.swift */; };
		449F60061EB4040E00292C72 /* AppDelegate.swift in Sources */ = {isa = PBXBuildFile; fileRef = 449F60051EB4040E00292C72 /* AppDelegate.swift */; };
		449F60081EB4040E00292C72 /* TasksViewController.swift in Sources */ = {isa = PBXBuildFile; fileRef = 449F60071EB4040E00292C72 /* TasksViewController.swift */; };
		449F600B1EB4040E00292C72 /* Main.storyboard in Resources */ = {isa = PBXBuildFile; fileRef = 449F60091EB4040E00292C72 /* Main.storyboard */; };
		449F600E1EB4040E00292C72 /* DoIt.xcdatamodeld in Sources */ = {isa = PBXBuildFile; fileRef = 449F600C1EB4040E00292C72 /* DoIt.xcdatamodeld */; };
		449F60101EB4040E00292C72 /* Assets.xcassets in Resources */ = {isa = PBXBuildFile; fileRef = 449F600F1EB4040E00292C72 /* Assets.xcassets */; };
		449F60131EB4040E00292C72 /* LaunchScreen.storyboard in Resources */ = {isa = PBXBuildFile; fileRef = 449F60111EB4040E00292C72 /* LaunchScreen.storyboard */; };
		449F601B1EB4087500292C72 /* Task.swift in Sources */ = {isa = PBXBuildFile; fileRef = 449F601A1EB4087500292C72 /* Task.swift */; };
		449F601D1EB40DAA00292C72 /* CreateTaskViewController.swift in Sources */ = {isa = PBXBuildFile; fileRef = 449F601C1EB40DAA00292C72 /* CreateTaskViewController.swift */; };
/* End PBXBuildFile section */

/* Begin PBXFileReference section */
		4450AC111EB5559B00CD4ABA /* CompleteTaskViewController.swift */ = {isa = PBXFileReference; fileEncoding = 4; lastKnownFileType = sourcecode.swift; path = CompleteTaskViewController.swift; sourceTree = "<group>"; };
		449F60021EB4040E00292C72 /* DoIt.app */ = {isa = PBXFileReference; explicitFileType = wrapper.application; includeInIndex = 0; path = DoIt.app; sourceTree = BUILT_PRODUCTS_DIR; };
		449F60051EB4040E00292C72 /* AppDelegate.swift */ = {isa = PBXFileReference; lastKnownFileType = sourcecode.swift; path = AppDelegate.swift; sourceTree = "<group>"; };
		449F60071EB4040E00292C72 /* TasksViewController.swift */ = {isa = PBXFileReference; lastKnownFileType = sourcecode.swift; path = TasksViewController.swift; sourceTree = "<group>"; };
		449F600A1EB4040E00292C72 /* Base */ = {isa = PBXFileReference; lastKnownFileType = file.storyboard; name = Base; path = Base.lproj/Main.storyboard; sourceTree = "<group>"; };
		449F600D1EB4040E00292C72 /* DoIt.xcdatamodel */ = {isa = PBXFileReference; lastKnownFileType = wrapper.xcdatamodel; path = DoIt.xcdatamodel; sourceTree = "<group>"; };
		449F600F1EB4040E00292C72 /* Assets.xcassets */ = {isa = PBXFileReference; lastKnownFileType = folder.assetcatalog; path = Assets.xcassets; sourceTree = "<group>"; };
		449F60121EB4040E00292C72 /* Base */ = {isa = PBXFileReference; lastKnownFileType = file.storyboard; name = Base; path = Base.lproj/LaunchScreen.storyboard; sourceTree = "<group>"; };
		449F60141EB4040E00292C72 /* Info.plist */ = {isa = PBXFileReference; lastKnownFileType = text.plist.xml; path = Info.plist; sourceTree = "<group>"; };
		449F601A1EB4087500292C72 /* Task.swift */ = {isa = PBXFileReference; fileEncoding = 4; lastKnownFileType = sourcecode.swift; path = Task.swift; sourceTree = "<group>"; };
		449F601C1EB40DAA00292C72 /* CreateTaskViewController.swift */ = {isa = PBXFileReference; fileEncoding = 4; lastKnownFileType = sourcecode.swift; path = CreateTaskViewController.swift; sourceTree = "<group>"; };
/* End PBXFileReference section */

/* Begin PBXFrameworksBuildPhase section */
		449F5FFF1EB4040E00292C72 /* Frameworks */ = {
			isa = PBXFrameworksBuildPhase;
			buildActionMask = 2147483647;
			files = (
			);
			runOnlyForDeploymentPostprocessing = 0;
		};
/* End PBXFrameworksBuildPhase section */

/* Begin PBXGroup section */
		449F5FF91EB4040E00292C72 = {
			isa = PBXGroup;
			children = (
				449F60041EB4040E00292C72 /* DoIt */,
				449F60031EB4040E00292C72 /* Products */,
			);
			sourceTree = "<group>";
		};
		449F60031EB4040E00292C72 /* Products */ = {
			isa = PBXGroup;
			children = (
				449F60021EB4040E00292C72 /* DoIt.app */,
			);
			name = Products;
			sourceTree = "<group>";
		};
		449F60041EB4040E00292C72 /* DoIt */ = {
			isa = PBXGroup;
			children = (
				449F60051EB4040E00292C72 /* AppDelegate.swift */,
				449F60071EB4040E00292C72 /* TasksViewController.swift */,
				4450AC111EB5559B00CD4ABA /* CompleteTaskViewController.swift */,
				449F601C1EB40DAA00292C72 /* CreateTaskViewController.swift */,
				449F60091EB4040E00292C72 /* Main.storyboard */,
				449F600F1EB4040E00292C72 /* Assets.xcassets */,
				449F60111EB4040E00292C72 /* LaunchScreen.storyboard */,
				449F60141EB4040E00292C72 /* Info.plist */,
				449F600C1EB4040E00292C72 /* DoIt.xcdatamodeld */,
				449F601A1EB4087500292C72 /* Task.swift */,
			);
			path = DoIt;
			sourceTree = "<group>";
		};
/* End PBXGroup section */

/* Begin PBXNativeTarget section */
		449F60011EB4040E00292C72 /* DoIt */ = {
			isa = PBXNativeTarget;
			buildConfigurationList = 449F60171EB4040E00292C72 /* Build configuration list for PBXNativeTarget "DoIt" */;
			buildPhases = (
				449F5FFE1EB4040E00292C72 /* Sources */,
				449F5FFF1EB4040E00292C72 /* Frameworks */,
				449F60001EB4040E00292C72 /* Resources */,
			);
			buildRules = (
			);
			dependencies = (
			);
			name = DoIt;
			productName = DoIt;
			productReference = 449F60021EB4040E00292C72 /* DoIt.app */;
			productType = "com.apple.product-type.application";
		};
/* End PBXNativeTarget section */

/* Begin PBXProject section */
		449F5FFA1EB4040E00292C72 /* Project object */ = {
			isa = PBXProject;
			attributes = {
				LastSwiftUpdateCheck = 0820;
				LastUpgradeCheck = 0820;
				ORGANIZATIONNAME = winstonlan;
				TargetAttributes = {
					449F60011EB4040E00292C72 = {
						CreatedOnToolsVersion = 8.2.1;
						ProvisioningStyle = Automatic;
					};
				};
			};
			buildConfigurationList = 449F5FFD1EB4040E00292C72 /* Build configuration list for PBXProject "DoIt" */;
			compatibilityVersion = "Xcode 3.2";
			developmentRegion = English;
			hasScannedForEncodings = 0;
			knownRegions = (
				en,
				Base,
			);
			mainGroup = 449F5FF91EB4040E00292C72;
			productRefGroup = 449F60031EB4040E00292C72 /* Products */;
			projectDirPath = "";
			projectRoot = "";
			targets = (
				449F60011EB4040E00292C72 /* DoIt */,
			);
		};
/* End PBXProject section */

/* Begin PBXResourcesBuildPhase section */
		449F60001EB4040E00292C72 /* Resources */ = {
			isa = PBXResourcesBuildPhase;
			buildActionMask = 2147483647;
			files = (
				449F60131EB4040E00292C72 /* LaunchScreen.storyboard in Resources */,
				449F60101EB4040E00292C72 /* Assets.xcassets in Resources */,
				449F600B1EB4040E00292C72 /* Main.storyboard in Resources */,
			);
			runOnlyForDeploymentPostprocessing = 0;
		};
/* End PBXResourcesBuildPhase section */

/* Begin PBXSourcesBuildPhase section */
		449F5FFE1EB4040E00292C72 /* Sources */ = {
			isa = PBXSourcesBuildPhase;
			buildActionMask = 2147483647;
			files = (
				449F601B1EB4087500292C72 /* Task.swift in Sources */,
				449F600E1EB4040E00292C72 /* DoIt.xcdatamodeld in Sources */,
				4450AC121EB5559B00CD4ABA /* CompleteTaskViewController.swift in Sources */,
				449F60081EB4040E00292C72 /* TasksViewController.swift in Sources */,
				449F60061EB4040E00292C72 /* AppDelegate.swift in Sources */,
				449F601D1EB40DAA00292C72 /* CreateTaskViewController.swift in Sources */,
			);
			runOnlyForDeploymentPostprocessing = 0;
		};
/* End PBXSourcesBuildPhase section */

/* Begin PBXVariantGroup section */
		449F60091EB4040E00292C72 /* Main.storyboard */ = {
			isa = PBXVariantGroup;
			children = (
				449F600A1EB4040E00292C72 /* Base */,
			);
			name = Main.storyboard;
			sourceTree = "<group>";
		};
		449F60111EB4040E00292C72 /* LaunchScreen.storyboard */ = {
			isa = PBXVariantGroup;
			children = (
				449F60121EB4040E00292C72 /* Base */,
			);
			name = LaunchScreen.storyboard;
			sourceTree = "<group>";
		};
/* End PBXVariantGroup section */

/* Begin XCBuildConfiguration section */
		449F60151EB4040E00292C72 /* Debug */ = {
			isa = XCBuildConfiguration;
			buildSettings = {
				ALWAYS_SEARCH_USER_PATHS = NO;
				CLANG_ANALYZER_NONNULL = YES;
				CLANG_CXX_LANGUAGE_STANDARD = "gnu++0x";
				CLANG_CXX_LIBRARY = "libc++";
				CLANG_ENABLE_MODULES = YES;
				CLANG_ENABLE_OBJC_ARC = YES;
				CLANG_WARN_BOOL_CONVERSION = YES;
				CLANG_WARN_CONSTANT_CONVERSION = YES;
				CLANG_WARN_DIRECT_OBJC_ISA_USAGE = YES_ERROR;
				CLANG_WARN_DOCUMENTATION_COMMENTS = YES;
				CLANG_WARN_EMPTY_BODY = YES;
				CLANG_WARN_ENUM_CONVERSION = YES;
				CLANG_WARN_INFINITE_RECURSION = YES;
				CLANG_WARN_INT_CONVERSION = YES;
				CLANG_WARN_OBJC_ROOT_CLASS = YES_ERROR;
				CLANG_WARN_SUSPICIOUS_MOVE = YES;
				CLANG_WARN_UNREACHABLE_CODE = YES;
				CLANG_WARN__DUPLICATE_METHOD_MATCH = YES;
				"CODE_SIGN_IDENTITY[sdk=iphoneos*]" = "iPhone Developer";
				COPY_PHASE_STRIP = NO;
				DEBUG_INFORMATION_FORMAT = dwarf;
				ENABLE_STRICT_OBJC_MSGSEND = YES;
				ENABLE_TESTABILITY = YES;
				GCC_C_LANGUAGE_STANDARD = gnu99;
				GCC_DYNAMIC_NO_PIC = NO;
				GCC_NO_COMMON_BLOCKS = YES;
				GCC_OPTIMIZATION_LEVEL = 0;
				GCC_PREPROCESSOR_DEFINITIONS = (
					"DEBUG=1",
					"$(inherited)",
				);
				GCC_WARN_64_TO_32_BIT_CONVERSION = YES;
				GCC_WARN_ABOUT_RETURN_TYPE = YES_ERROR;
				GCC_WARN_UNDECLARED_SELECTOR = YES;
				GCC_WARN_UNINITIALIZED_AUTOS = YES_AGGRESSIVE;
				GCC_WARN_UNUSED_FUNCTION = YES;
				GCC_WARN_UNUSED_VARIABLE = YES;
				IPHONEOS_DEPLOYMENT_TARGET = 10.2;
				MTL_ENABLE_DEBUG_INFO = YES;
				ONLY_ACTIVE_ARCH = YES;
				SDKROOT = iphoneos;
				SWIFT_ACTIVE_COMPILATION_CONDITIONS = DEBUG;
				SWIFT_OPTIMIZATION_LEVEL = "-Onone";
				TARGETED_DEVICE_FAMILY = "1,2";
			};
			name = Debug;
		};
		449F60161EB4040E00292C72 /* Release */ = {
			isa = XCBuildConfiguration;
			buildSettings = {
				ALWAYS_SEARCH_USER_PATHS = NO;
				CLANG_ANALYZER_NONNULL = YES;
				CLANG_CXX_LANGUAGE_STANDARD = "gnu++0x";
				CLANG_CXX_LIBRARY = "libc++";
				CLANG_ENABLE_MODULES = YES;
				CLANG_ENABLE_OBJC_ARC = YES;
				CLANG_WARN_BOOL_CONVERSION = YES;
				CLANG_WARN_CONSTANT_CONVERSION = YES;
				CLANG_WARN_DIRECT_OBJC_ISA_USAGE = YES_ERROR;
				CLANG_WARN_DOCUMENTATION_COMMENTS = YES;
				CLANG_WARN_EMPTY_BODY = YES;
				CLANG_WARN_ENUM_CONVERSION = YES;
				CLANG_WARN_INFINITE_RECURSION = YES;
				CLANG_WARN_INT_CONVERSION = YES;
				CLANG_WARN_OBJC_ROOT_CLASS = YES_ERROR;
				CLANG_WARN_SUSPICIOUS_MOVE = YES;
				CLANG_WARN_UNREACHABLE_CODE = YES;
				CLANG_WARN__DUPLICATE_METHOD_MATCH = YES;
				"CODE_SIGN_IDENTITY[sdk=iphoneos*]" = "iPhone Developer";
				COPY_PHASE_STRIP = NO;
				DEBUG_INFORMATION_FORMAT = "dwarf-with-dsym";
				ENABLE_NS_ASSERTIONS = NO;
				ENABLE_STRICT_OBJC_MSGSEND = YES;
				GCC_C_LANGUAGE_STANDARD = gnu99;
				GCC_NO_COMMON_BLOCKS = YES;
				GCC_WARN_64_TO_32_BIT_CONVERSION = YES;
				GCC_WARN_ABOUT_RETURN_TYPE = YES_ERROR;
				GCC_WARN_UNDECLARED_SELECTOR = YES;
				GCC_WARN_UNINITIALIZED_AUTOS = YES_AGGRESSIVE;
				GCC_WARN_UNUSED_FUNCTION = YES;
				GCC_WARN_UNUSED_VARIABLE = YES;
				IPHONEOS_DEPLOYMENT_TARGET = 10.2;
				MTL_ENABLE_DEBUG_INFO = NO;
				SDKROOT = iphoneos;
				SWIFT_OPTIMIZATION_LEVEL = "-Owholemodule";
				TARGETED_DEVICE_FAMILY = "1,2";
				VALIDATE_PRODUCT = YES;
			};
			name = Release;
		};
		449F60181EB4040E00292C72 /* Debug */ = {
			isa = XCBuildConfiguration;
			buildSettings = {
				ASSETCATALOG_COMPILER_APPICON_NAME = AppIcon;
				INFOPLIST_FILE = DoIt/Info.plist;
				LD_RUNPATH_SEARCH_PATHS = "$(inherited) @executable_path/Frameworks";
				PRODUCT_BUNDLE_IDENTIFIER = com.winstonlan.DoIt;
				PRODUCT_NAME = "$(TARGET_NAME)";
				SWIFT_VERSION = 3.0;
			};
			name = Debug;
		};
		449F60191EB4040E00292C72 /* Release */ = {
			isa = XCBuildConfiguration;
			buildSettings = {
				ASSETCATALOG_COMPILER_APPICON_NAME = AppIcon;
				INFOPLIST_FILE = DoIt/Info.plist;
				LD_RUNPATH_SEARCH_PATHS = "$(inherited) @executable_path/Frameworks";
				PRODUCT_BUNDLE_IDENTIFIER = com.winstonlan.DoIt;
				PRODUCT_NAME = "$(TARGET_NAME)";
				SWIFT_VERSION = 3.0;
			};
			name = Release;
		};
/* End XCBuildConfiguration section */

/* Begin XCConfigurationList section */
		449F5FFD1EB4040E00292C72 /* Build configuration list for PBXProject "DoIt" */ = {
			isa = XCConfigurationList;
			buildConfigurations = (
				449F60151EB4040E00292C72 /* Debug */,
				449F60161EB4040E00292C72 /* Release */,
			);
			defaultConfigurationIsVisible = 0;
			defaultConfigurationName = Release;
		};
		449F60171EB4040E00292C72 /* Build configuration list for PBXNativeTarget "DoIt" */ = {
			isa = XCConfigurationList;
			buildConfigurations = (
				449F60181EB4040E00292C72 /* Debug */,
				449F60191EB4040E00292C72 /* Release */,
			);
			defaultConfigurationIsVisible = 0;
			defaultConfigurationName = Release;
		};
/* End XCConfigurationList section */

/* Begin XCVersionGroup section */
		449F600C1EB4040E00292C72 /* DoIt.xcdatamodeld */ = {
			isa = XCVersionGroup;
			children = (
				449F600D1EB4040E00292C72 /* DoIt.xcdatamodel */,
			);
			currentVersion = 449F600D1EB4040E00292C72 /* DoIt.xcdatamodel */;
			path = DoIt.xcdatamodeld;
			sourceTree = "<group>";
			versionGroupType = wrapper.xcdatamodel;
		};
/* End XCVersionGroup section */
	};
	rootObject = 449F5FFA1EB4040E00292C72 /* Project object */;
}
